# This file is automatically @generated by Poetry 1.6.1 and should not be changed by hand.

[[package]]
name = "aiofiles"
version = "23.2.1"
description = "File support for asyncio."
optional = false
python-versions = ">=3.7"
files = [
    {file = "aiofiles-23.2.1-py3-none-any.whl", hash = "sha256:19297512c647d4b27a2cf7c34caa7e405c0d60b5560618a29a9fe027b18b0107"},
    {file = "aiofiles-23.2.1.tar.gz", hash = "sha256:84ec2218d8419404abcb9f0c02df3f34c6e0a68ed41072acfb1cef5cbc29051a"},
]

[[package]]
name = "anyio"
version = "4.2.0"
description = "High level compatibility layer for multiple asynchronous event loop implementations"
optional = false
python-versions = ">=3.8"
files = [
    {file = "anyio-4.2.0-py3-none-any.whl", hash = "sha256:745843b39e829e108e518c489b31dc757de7d2131d53fac32bd8df268227bfee"},
    {file = "anyio-4.2.0.tar.gz", hash = "sha256:e1875bb4b4e2de1669f4bc7869b6d3f54231cdced71605e6e64c9be77e3be50f"},
]

[package.dependencies]
idna = ">=2.8"
sniffio = ">=1.1"

[package.extras]
doc = ["Sphinx (>=7)", "packaging", "sphinx-autodoc-typehints (>=1.2.0)", "sphinx-rtd-theme"]
test = ["anyio[trio]", "coverage[toml] (>=7)", "exceptiongroup (>=1.2.0)", "hypothesis (>=4.0)", "psutil (>=5.9)", "pytest (>=7.0)", "pytest-mock (>=3.6.1)", "trustme", "uvloop (>=0.17)"]
trio = ["trio (>=0.23)"]

[[package]]
name = "click"
version = "8.1.7"
description = "Composable command line interface toolkit"
optional = false
python-versions = ">=3.7"
files = [
    {file = "click-8.1.7-py3-none-any.whl", hash = "sha256:ae74fb96c20a0277a1d615f1e4d73c8414f5a98db8b799a7931d1582f3390c28"},
    {file = "click-8.1.7.tar.gz", hash = "sha256:ca9853ad459e787e2192211578cc907e7594e294c7ccc834310722b41b9ca6de"},
]

[package.dependencies]
colorama = {version = "*", markers = "platform_system == \"Windows\""}

[[package]]
name = "colorama"
version = "0.4.6"
description = "Cross-platform colored terminal text."
optional = false
python-versions = "!=3.0.*,!=3.1.*,!=3.2.*,!=3.3.*,!=3.4.*,!=3.5.*,!=3.6.*,>=2.7"
files = [
    {file = "colorama-0.4.6-py2.py3-none-any.whl", hash = "sha256:4f1d9991f5acc0ca119f9d443620b77f9d6b33703e51011c16baf57afb285fc6"},
    {file = "colorama-0.4.6.tar.gz", hash = "sha256:08695f5cb7ed6e0531a20572697297273c47b8cae5a63ffc6d6ed5c201be6e44"},
]

[[package]]
name = "cssutils"
version = "2.9.0"
description = "A CSS Cascading Style Sheets library for Python"
optional = false
python-versions = ">=3.8"
files = [
    {file = "cssutils-2.9.0-py3-none-any.whl", hash = "sha256:f8b013169e281c0c6083207366c5005f5dd4549055f7aba840384fb06a78745c"},
    {file = "cssutils-2.9.0.tar.gz", hash = "sha256:89477b3d17d790e97b9fb4def708767061055795aae6f7c82ae32e967c9be4cd"},
]

[package.extras]
docs = ["furo", "jaraco.packaging (>=9.3)", "jaraco.tidelift (>=1.4)", "rst.linker (>=1.9)", "sphinx (<7.2.5)", "sphinx (>=3.5)", "sphinx-lint"]
testing = ["cssselect", "importlib-resources", "jaraco.test (>=5.1)", "lxml", "pytest (>=6)", "pytest-black (>=0.3.7)", "pytest-checkdocs (>=2.4)", "pytest-cov", "pytest-enabler (>=2.2)", "pytest-mypy (>=0.9.1)", "pytest-ruff"]

[[package]]
name = "frontend"
version = "0.0.3"
description = "Develop complex & beautiful UI frontends using Python!"
optional = false
python-versions = ">=3.8"
files = [
    {file = "frontend-0.0.3-py3-none-any.whl", hash = "sha256:9b36d7092892271431cd693eaca14767acbdbb67f6f6f38dc3e0ff15618c7109"},
    {file = "frontend-0.0.3.tar.gz", hash = "sha256:cdb5e76a0082b9cd3fa8331dbe44c86f007ab6d07c540551078f60318cd2e019"},
]

[package.dependencies]
aiofiles = "*"
itsdangerous = ">=1.1.0"
starlette = ">=0.12.0"
uvicorn = ">=0.7.1"

[[package]]
name = "h11"
version = "0.14.0"
description = "A pure-Python, bring-your-own-I/O implementation of HTTP/1.1"
optional = false
python-versions = ">=3.7"
files = [
    {file = "h11-0.14.0-py3-none-any.whl", hash = "sha256:e3fe4ac4b851c468cc8363d500db52c2ead036020723024a109d37346efaa761"},
    {file = "h11-0.14.0.tar.gz", hash = "sha256:8f19fbbe99e72420ff35c00b27a34cb9937e902a8b810e2c88300c6f0a3b699d"},
]

[[package]]
name = "idna"
version = "3.6"
description = "Internationalized Domain Names in Applications (IDNA)"
optional = false
python-versions = ">=3.5"
files = [
    {file = "idna-3.6-py3-none-any.whl", hash = "sha256:c05567e9c24a6b9faaa835c4821bad0590fbb9d5779e7caa6e1cc4978e7eb24f"},
    {file = "idna-3.6.tar.gz", hash = "sha256:9ecdbbd083b06798ae1e86adcbfe8ab1479cf864e4ee30fe4e46a003d12491ca"},
]

[[package]]
name = "itsdangerous"
version = "2.1.2"
description = "Safely pass data to untrusted environments and back."
optional = false
python-versions = ">=3.7"
files = [
    {file = "itsdangerous-2.1.2-py3-none-any.whl", hash = "sha256:2c2349112351b88699d8d4b6b075022c0808887cb7ad10069318a8b0bc88db44"},
    {file = "itsdangerous-2.1.2.tar.gz", hash = "sha256:5dbbc68b317e5e42f327f9021763545dc3fc3bfe22e6deb96aaf1fc38874156a"},
]

[[package]]
name = "pymupdf"
version = "1.23.15"
description = "A high performance Python library for data extraction, analysis, conversion & manipulation of PDF (and other) documents."
optional = false
python-versions = ">=3.8"
files = [
    {file = "PyMuPDF-1.23.15-cp310-none-macosx_10_9_x86_64.whl", hash = "sha256:8e4f7e26b39feb92ceb8bf6012fe84145a96763395ff51c90bade94ef4215288"},
    {file = "PyMuPDF-1.23.15-cp310-none-macosx_11_0_arm64.whl", hash = "sha256:f6e0efe202b33c132dc72e3b30681f0c34afac17b1a2f3ec96e3079f9bf6c345"},
    {file = "PyMuPDF-1.23.15-cp310-none-manylinux2014_aarch64.whl", hash = "sha256:08a2220b4861160351028125f496b0d8897c96a7727f22e2170b2b3ebdc82b0f"},
    {file = "PyMuPDF-1.23.15-cp310-none-manylinux2014_x86_64.whl", hash = "sha256:06a60d3f56277d477e0623bf96f63251bf4df318fa1be803edb9638d5c77bccb"},
    {file = "PyMuPDF-1.23.15-cp310-none-win32.whl", hash = "sha256:2a356201b0d0f8222c883cb8563d274ee7b054a7b1a7574a758857ec6be2b9d5"},
    {file = "PyMuPDF-1.23.15-cp310-none-win_amd64.whl", hash = "sha256:ee4cf7bad933315c27c557157ad596a32ba34d7388e5f418078232fe2082b9fc"},
    {file = "PyMuPDF-1.23.15-cp311-none-macosx_10_9_x86_64.whl", hash = "sha256:9c31cb0e5bd7996adee8010a37652f5cd63eb71e99e445bea1e3fb7bf32d6db7"},
    {file = "PyMuPDF-1.23.15-cp311-none-macosx_11_0_arm64.whl", hash = "sha256:edf3584af621b7727da36a1601c1a179fec2ed4bd9f56a7898479796794deb34"},
    {file = "PyMuPDF-1.23.15-cp311-none-manylinux2014_aarch64.whl", hash = "sha256:c038014d512f0bfe6d845caa0694e54d9f65b540a967a9c316324d81b896da2b"},
    {file = "PyMuPDF-1.23.15-cp311-none-manylinux2014_x86_64.whl", hash = "sha256:4138b8d73c25a0c209dc3c82b298b0d7a1bf26f19d4fd7b808bdc5821721e476"},
    {file = "PyMuPDF-1.23.15-cp311-none-win32.whl", hash = "sha256:c39bf2f34605cbf2daed81c7d33bf71cae3fb084d409bc978a73a7a14eec48c8"},
    {file = "PyMuPDF-1.23.15-cp311-none-win_amd64.whl", hash = "sha256:a75bcc4702d55f67fb805740d0eca7a3251db35a5d86bd79f0596cdcf0194233"},
    {file = "PyMuPDF-1.23.15-cp312-none-macosx_10_9_x86_64.whl", hash = "sha256:578479e64dab57d00a6a1c6825fe20605cfc88751ca2a6da9f8bc34a8fd2aca6"},
    {file = "PyMuPDF-1.23.15-cp312-none-macosx_11_0_arm64.whl", hash = "sha256:d88f6e2314e9b28811b9b8aebeae6a161cf220f293fa198d8dc99638fbda6260"},
    {file = "PyMuPDF-1.23.15-cp312-none-manylinux2014_aarch64.whl", hash = "sha256:6876d5b4a8e4d2d21d61fdec136a21803338bd8afd276579e63da0e7917cfeff"},
    {file = "PyMuPDF-1.23.15-cp312-none-manylinux2014_x86_64.whl", hash = "sha256:7cd15cc91d2e13ebc33350b591674c7a318e775fad38c977ee644659538e41e8"},
    {file = "PyMuPDF-1.23.15-cp312-none-win32.whl", hash = "sha256:7f776b2a83176640dae8ebfcab0257876dfd6cfd84cdaa6a1482f50becfc79eb"},
    {file = "PyMuPDF-1.23.15-cp312-none-win_amd64.whl", hash = "sha256:2b29a60f6fc7842dfe8ea20bbfbfe7287fe193d1c6f17d539dd1b41759827ae6"},
    {file = "PyMuPDF-1.23.15-cp38-none-macosx_10_9_x86_64.whl", hash = "sha256:25fcfdbcf026a4b1b902e8aae0b25838f78e67e87e10fea28362a1532d644a83"},
    {file = "PyMuPDF-1.23.15-cp38-none-macosx_11_0_arm64.whl", hash = "sha256:c8a87c3730f5c148b11cae21a22df7f69128a682f263a25dbf6fe821ffe6507c"},
    {file = "PyMuPDF-1.23.15-cp38-none-manylinux2014_aarch64.whl", hash = "sha256:dd70d11be4986698859e14849fd6656964fb62b28e60897e51a71d4daf49f93e"},
    {file = "PyMuPDF-1.23.15-cp38-none-manylinux2014_x86_64.whl", hash = "sha256:53282f3d6be02f8397a94987b72e464a178f6928a72de1cd7d22c6ca65372310"},
    {file = "PyMuPDF-1.23.15-cp38-none-win32.whl", hash = "sha256:dfa1f527aebe56ac0b3f755e5278439510c0fbadc1cc32d152016d6384110bc2"},
    {file = "PyMuPDF-1.23.15-cp38-none-win_amd64.whl", hash = "sha256:dba207628ec1d00d8d03e7332641b691c52a3304e2782aa5674963d95e479946"},
    {file = "PyMuPDF-1.23.15-cp39-none-macosx_10_9_x86_64.whl", hash = "sha256:e0569a726f1fbe7657bdf30342d42416a9a0978dfa40dbb65bfd483a43b11716"},
    {file = "PyMuPDF-1.23.15-cp39-none-macosx_11_0_arm64.whl", hash = "sha256:8334b8f3dcc068d4b09e79c9fb3633d6af9aeb8dcffe498936898d5d210a6e96"},
    {file = "PyMuPDF-1.23.15-cp39-none-manylinux2014_aarch64.whl", hash = "sha256:0afeaa142783160e74d75938e84371fa8736abebaab071cbfb1b66bc0185c750"},
    {file = "PyMuPDF-1.23.15-cp39-none-manylinux2014_x86_64.whl", hash = "sha256:9b08de18df50cad98800f342103cb5201a4505547ee52f028f1339561ffc04db"},
    {file = "PyMuPDF-1.23.15-cp39-none-win32.whl", hash = "sha256:9f4d6d1d3736f1fa00d7096123ebd14652f7e22c7316627bc295626493290ba6"},
    {file = "PyMuPDF-1.23.15-cp39-none-win_amd64.whl", hash = "sha256:1e23a0c0a7ca430964a0757637b92b109d103b93fbb8ddb144a45673290dca18"},
    {file = "PyMuPDF-1.23.15.tar.gz", hash = "sha256:54fe0c0e6879922875a8d43ec8f66cc346cbc7ee71fc47d34fe101653cb0661d"},
]

[package.dependencies]
PyMuPDFb = "1.23.9"

[[package]]
name = "pymupdfb"
version = "1.23.9"
description = "MuPDF shared libraries for PyMuPDF."
optional = false
python-versions = ">=3.8"
files = [
    {file = "PyMuPDFb-1.23.9-py3-none-macosx_10_9_x86_64.whl", hash = "sha256:457cede084f0a6a80a5b3b678b48f72f5f7185f4be93440bd3b062472588cd05"},
    {file = "PyMuPDFb-1.23.9-py3-none-macosx_11_0_arm64.whl", hash = "sha256:ecf27e040d5faeadb1ade715a4b65cd8a23c6bc40c111df5a685b68ce4d779d2"},
    {file = "PyMuPDFb-1.23.9-py3-none-manylinux2014_aarch64.manylinux_2_17_aarch64.whl", hash = "sha256:29ab88d23eedd1e2f29e21692945dabfcff3d3b1f6bd97ac35d4984e9bd32ed0"},
    {file = "PyMuPDFb-1.23.9-py3-none-manylinux2014_x86_64.manylinux_2_17_x86_64.whl", hash = "sha256:bc7703ce110784d7b7f1fc7a59cb36072a07c6b2d19f5a5bf0a960227a8adb5c"},
    {file = "PyMuPDFb-1.23.9-py3-none-win32.whl", hash = "sha256:3f549891e558a6fc335eafe23d50bd4fda3c5f2dbfd7e9edf362d21ef5945fe9"},
    {file = "PyMuPDFb-1.23.9-py3-none-win_amd64.whl", hash = "sha256:6a2a631fbd03330347b1ecf53f5534c4f7375b44e60b5ad8f36c5c96d4e6ec35"},
]

[[package]]
name = "sniffio"
version = "1.3.0"
description = "Sniff out which async library your code is running under"
optional = false
python-versions = ">=3.7"
files = [
    {file = "sniffio-1.3.0-py3-none-any.whl", hash = "sha256:eecefdce1e5bbfb7ad2eeaabf7c1eeb404d7757c379bd1f7e5cce9d8bf425384"},
    {file = "sniffio-1.3.0.tar.gz", hash = "sha256:e60305c5e5d314f5389259b7f22aaa33d8f7dee49763119234af3755c55b9101"},
]

[[package]]
name = "starlette"
version = "0.34.0"
description = "The little ASGI library that shines."
optional = false
python-versions = ">=3.8"
files = [
    {file = "starlette-0.34.0-py3-none-any.whl", hash = "sha256:2e14ee943f2df59eb8c141326240ce601643f1a97b577db44634f6d05d368c37"},
    {file = "starlette-0.34.0.tar.gz", hash = "sha256:ed050aaf3896945bfaae93bdf337e53ef3f29115a9d9c153e402985115cd9c8e"},
]

[package.dependencies]
anyio = ">=3.4.0,<5"

[package.extras]
full = ["httpx (>=0.22.0)", "itsdangerous", "jinja2", "python-multipart", "pyyaml"]

[[package]]
name = "uvicorn"
version = "0.25.0"
description = "The lightning-fast ASGI server."
optional = false
python-versions = ">=3.8"
files = [
    {file = "uvicorn-0.25.0-py3-none-any.whl", hash = "sha256:ce107f5d9bd02b4636001a77a4e74aab5e1e2b146868ebbad565237145af444c"},
    {file = "uvicorn-0.25.0.tar.gz", hash = "sha256:6dddbad1d7ee0f5140aba5ec138ddc9612c5109399903828b4874c9937f009c2"},
]

[package.dependencies]
click = ">=7.0"
h11 = ">=0.8"

[package.extras]
standard = ["colorama (>=0.4)", "httptools (>=0.5.0)", "python-dotenv (>=0.13)", "pyyaml (>=5.1)", "uvloop (>=0.14.0,!=0.15.0,!=0.15.1)", "watchfiles (>=0.13)", "websockets (>=10.4)"]

[metadata]
lock-version = "2.0"
python-versions = "^3.11"
content-hash = "f0c7e0b5c8b908de3e3aaa5fd6c5cd0a79a89fc49f4fdfc23dd7de77f6f710d0"
